github.com/joho/godotenv v1.5.1 h1:7eLL/+HRGLY0ldzfGMeQkb7vMd0as4CfYvUVzLqw0N0=
github.com/joho/godotenv v1.5.1/go.mod h1:f4LDr5Voq0i2e/R5DDNOoa2zzDfwtkZa6DnEwAbqwq4=
github.com/mappu/miqt v0.11.0 h1:zn0m52wt0PrI4QDlwc9VXfDduJdG0RVdJpdfOWM1vI8=
github.com/mappu/miqt v0.11.0/go.mod h1:xFg7ADaO1QSkmXPsPODoKe/bydJpRG9fgCYyIDl/h1U=
github.com/mappu/miqt v0.11.1-0.20250803064918-320a3a044f1e h1:qlSGvn1u7pVHFk0D8OWw1n3yu9O2vMtadtB9WZtWk8s=
github.com/mappu/miqt v0.11.1-0.20250803064918-320a3a044f1e/go.mod h1:xFg7ADaO1QSkmXPsPODoKe/bydJpRG9fgCYyIDl/h1U=
